
Microsoft Visual Studio Solution File, Format Version 12.00
# Visual Studio Version 17
VisualStudioVersion = 17.1.32210.238
MinimumVisualStudioVersion = 10.0.40219.1
Project("{9A19103F-16F7-4668-BE54-9A1E7A4F7556}") = "LibraryOOP", "LibraryOOP\LibraryOOP.csproj", "{04880705-E6C8-4896-ADBF-4E5B069BD7EE}"
EndProject
Project("{9A19103F-16F7-4668-BE54-9A1E7A4F7556}") = "AutomaticTestsNUnit", "AutomaticTestsNUnit\AutomaticTestsNUnit.csproj", "{6C8A827B-7797-437B-8F35-42247BE373CB}"
EndProject
Project("{9A19103F-16F7-4668-BE54-9A1E7A4F7556}") = "PhoneBookWPF", "PhoneBookWPF\PhoneBookWPF.csproj", "{C8A81D0B-01F7-4B2D-86A6-4F9FCC9CFA72}"
EndProject
Global
	GlobalSection(SolutionConfigurationPlatforms) = preSolution
		Debug|Any CPU = Debug|Any CPU
		Release|Any CPU = Release|Any CPU
	EndGlobalSection
	GlobalSection(ProjectConfigurationPlatforms) = postSolution
		{04880705-E6C8-4896-ADBF-4E5B069BD7EE}.Debug|Any CPU.ActiveCfg = Debug|Any CPU
		{04880705-E6C8-4896-ADBF-4E5B069BD7EE}.Debug|Any CPU.Build.0 = Debug|Any CPU
		{04880705-E6C8-4896-ADBF-4E5B069BD7EE}.Release|Any CPU.ActiveCfg = Release|Any CPU
		{04880705-E6C8-4896-ADBF-4E5B069BD7EE}.Release|Any CPU.Build.0 = Release|Any CPU
		{6C8A827B-7797-437B-8F35-42247BE373CB}.Debug|Any CPU.ActiveCfg = Debug|Any CPU
		{6C8A827B-7797-437B-8F35-42247BE373CB}.Debug|Any CPU.Build.0 = Debug|Any CPU
		{6C8A827B-7797-437B-8F35-42247BE373CB}.Release|Any CPU.ActiveCfg = Release|Any CPU
		{6C8A827B-7797-437B-8F35-42247BE373CB}.Release|Any CPU.Build.0 = Release|Any CPU
		{C8A81D0B-01F7-4B2D-86A6-4F9FCC9CFA72}.Debug|Any CPU.ActiveCfg = Debug|Any CPU
		{C8A81D0B-01F7-4B2D-86A6-4F9FCC9CFA72}.Debug|Any CPU.Build.0 = Debug|Any CPU
		{C8A81D0B-01F7-4B2D-86A6-4F9FCC9CFA72}.Release|Any CPU.ActiveCfg = Release|Any CPU
		{C8A81D0B-01F7-4B2D-86A6-4F9FCC9CFA72}.Release|Any CPU.Build.0 = Release|Any CPU
	EndGlobalSection
	GlobalSection(SolutionProperties) = preSolution
		HideSolutionNode = FALSE
	EndGlobalSection
	GlobalSection(ExtensibilityGlobals) = postSolution
		SolutionGuid = {36DFA393-87D1-400F-820A-B62FED416326}
	EndGlobalSection
EndGlobal
